dependencies:
- name: observable-common
  repository: file://../observable-common
  version: 0.1.0
- name: zitadel
  repository: https://charts.zitadel.com
  version: 10.0.4
digest: sha256:35cc9fb992efd6fc1f007ccfea5250649d43e3d6cc513ee8d07b01f1466be3f9
generated: "2026-06-24T23:23:53.240672954+02:00"
