dependencies:
- name: observable-common
  repository: file://../observable-common
  version: 0.1.0
- name: zitadel
  repository: https://charts.zitadel.com
  version: 8.13.4
digest: sha256:f31acfe6ff9b5feb07ec4f0e5cb04f006ea04e71e443c8605acc0047f0b5b991
generated: "2026-05-08T13:01:01.1704985+02:00"
