dependencies:
- name: opentelemetry-collector
  repository: https://open-telemetry.github.io/opentelemetry-helm-charts
  version: 0.152.0
- name: opentelemetry-collector
  repository: https://open-telemetry.github.io/opentelemetry-helm-charts
  version: 0.152.0
digest: sha256:c0dff2714d401db6c32af2b1e26356f0f8778f340e4cd162b1f46d661d0f18d4
generated: "2026-04-25T08:13:21.8703199+02:00"
