dependencies:
- name: opentelemetry-collector
  repository: https://open-telemetry.github.io/opentelemetry-helm-charts
  version: 0.154.0
- name: opentelemetry-collector
  repository: https://open-telemetry.github.io/opentelemetry-helm-charts
  version: 0.154.0
digest: sha256:24f2da49ebcbe32b5e65049ce90eb26144451f02a42c00dc4babe0b14f32f856
generated: "2026-05-14T16:56:48.3464634+02:00"
