version = 1
revision = 3
requires-python = ">=3.14"

[[package]]
name = "googleapis-common-protos"
version = "1.75.0"
source = { registry = "https://pypi.org/simple" }
dependencies = [
    { name = "protobuf" },
]
sdist = { url = "https://files.pythonhosted.org/packages/b5/c8/f439cffde755cffa462bfbb156278fa6f9d09119719af9814b858fd4f81f/googleapis_common_protos-1.75.0.tar.gz", hash = "sha256:53a062ff3c32552fbd62c11fe23768b78e4ddf0494d5e5fd97d3f4689c75fbbd", size = 151035, upload-time = "2026-05-07T08:04:49.423Z" }
wheels = [
    { url = "https://files.pythonhosted.org/packages/e7/c8/e2645aa8ed02fd4c7a2f59d68783b65b1f3cbdfe39a6308e156509d1fee8/googleapis_common_protos-1.75.0-py3-none-any.whl", hash = "sha256:961ed60399c457ceb0ee8f285a84c870aabc9c6a832b9d37bb281b5bebde43ed", size = 300631, upload-time = "2026-05-07T08:03:30.345Z" },
]

[[package]]
name = "grpcio"
version = "1.81.1"
source = { registry = "https://pypi.org/simple" }
dependencies = [
    { name = "typing-extensions" },
]
sdist = { url = "https://files.pythonhosted.org/packages/b0/b5/1ff353970a87eda4c98251e34d2dfd214abd4982dc89119c9252a2a482d2/grpcio-1.81.1.tar.gz", hash = "sha256:6fa10a767143a5e82e8eaab53918af0cd8909a57a27f8cb2288b80a613ac671b", size = 13026582, upload-time = "2026-06-11T12:46:51.673Z" }
wheels = [
    { url = "https://files.pythonhosted.org/packages/b6/58/19414622b1bf6981bc9c05a365bd548e71876c89000083b3af489251e9c0/grpcio-1.81.1-cp314-cp314-linux_armv7l.whl", hash = "sha256:506f48f2f9c29b143fca3dad7b0d518c188b6c9648c75a2ae6e2d9f2c13a060b", size = 6055336, upload-time = "2026-06-11T12:46:20.557Z" },
    { url = "https://files.pythonhosted.org/packages/32/f1/2ec88adb92b0eba970dd0e0e7dd086341daa3c75eba4f735f9e44bf684b0/grpcio-1.81.1-cp314-cp314-macosx_11_0_universal2.whl", hash = "sha256:d865db4a6318e1c1bea83292e0ed231090538fc4ca45425b0f0480eb338bbc6e", size = 12056279, upload-time = "2026-06-11T12:46:24.255Z" },
    { url = "https://files.pythonhosted.org/packages/41/36/e8c5f8c6ec71de73733695ebc809e98b178b534ec6d8eaa31a7ebab4ad4c/grpcio-1.81.1-cp314-cp314-manylinux2014_aarch64.manylinux_2_17_aarch64.whl", hash = "sha256:e2aa72e3ce1770317ef534f63d397b55e130725f5149bd36077c3b539019db27", size = 6608225, upload-time = "2026-06-11T12:46:27.601Z" },
    { url = "https://files.pythonhosted.org/packages/30/22/96fc577a845ab093326d9ab1adb874bd4936c8cf98ac8ed2f3db13a0a2fb/grpcio-1.81.1-cp314-cp314-manylinux2014_i686.manylinux_2_17_i686.whl", hash = "sha256:0490c30c261eded63f3f354979f9dc4502a9fb944cccb60cd9dc85f5a7349854", size = 7306576, upload-time = "2026-06-11T12:46:30.514Z" },
    { url = "https://files.pythonhosted.org/packages/76/7b/61dab5d5969f28d97fb1009cead1df0a5cd987d3315e1b37f18a4449f8bc/grpcio-1.81.1-cp314-cp314-manylinux2014_x86_64.manylinux_2_17_x86_64.whl", hash = "sha256:410482da976329fe5f4067270401b12cf2bd552ff8020f054ecfaddb5475f9d6", size = 6812165, upload-time = "2026-06-11T12:46:33.699Z" },
    { url = "https://files.pythonhosted.org/packages/82/78/6e501929d4f5f96462fd82fd9f0f06e5f9612207582b862868d68757b27d/grpcio-1.81.1-cp314-cp314-musllinux_1_2_aarch64.whl", hash = "sha256:e3657301562ac3cb8018d30d0d3ebfa39932239f7b5703422057ef14b69949f5", size = 7422962, upload-time = "2026-06-11T12:46:36.511Z" },
    { url = "https://files.pythonhosted.org/packages/2a/7e/f2157589e66daa78ebb3165942d05a08bdea93b9d11c2bc1e172aef89685/grpcio-1.81.1-cp314-cp314-musllinux_1_2_i686.whl", hash = "sha256:24c8e57504c8f45b237e40b99262d181071e5099a07053695b75d97bb53053a0", size = 8408176, upload-time = "2026-06-11T12:46:39.803Z" },
    { url = "https://files.pythonhosted.org/packages/da/df/c6717fef716e00d235ffb96123baf6dce76d6004f6233fa767c502861460/grpcio-1.81.1-cp314-cp314-musllinux_1_2_x86_64.whl", hash = "sha256:b427c19380991a4eaab2f6144b64b99b412043314c6bf4ab544f97bb31ee4190", size = 7846681, upload-time = "2026-06-11T12:46:43.013Z" },
    { url = "https://files.pythonhosted.org/packages/36/84/3502e9f210a6a5c4438c8aca3f88edd2e04f6a27f3d41b26cf0a0024b096/grpcio-1.81.1-cp314-cp314-win32.whl", hash = "sha256:61233fe8951e5c85dff81c2458b6528624760166946b5b47ea150a589168411f", size = 4264615, upload-time = "2026-06-11T12:46:45.741Z" },
    { url = "https://files.pythonhosted.org/packages/ff/b0/4af731ff7492c68a96e4c71bfd0f4590acde92b31c6fe4894e6465c10ff6/grpcio-1.81.1-cp314-cp314-win_amd64.whl", hash = "sha256:3768a5ff1b2125e6f552e561b6b2dca0e64982d8949689b4df145cf8b98d7821", size = 5070275, upload-time = "2026-06-11T12:46:48.486Z" },
]

[[package]]
name = "opentelemetry-api"
version = "1.42.1"
source = { registry = "https://pypi.org/simple" }
dependencies = [
    { name = "typing-extensions" },
]
sdist = { url = "https://files.pythonhosted.org/packages/b4/1c/125e1c936c0873796771b7f04f6c93b9f1bf5d424cea90fda94a99f61da8/opentelemetry_api-1.42.1.tar.gz", hash = "sha256:56c63bea9f77b62856be8c47600474acad853b2924b99b1687c4cb6297166716", size = 72296, upload-time = "2026-05-21T16:32:49.335Z" }
wheels = [
    { url = "https://files.pythonhosted.org/packages/a3/ca/9520cc1f3dfbbd03ac5903bbf55833e257bc64b1cf30fa8b0d6df374d821/opentelemetry_api-1.42.1-py3-none-any.whl", hash = "sha256:51a69edacadbc03a8950ace1c4c21099cacc538820ac2c9e36277e78cebba714", size = 61311, upload-time = "2026-05-21T16:32:28.822Z" },
]

[[package]]
name = "opentelemetry-exporter-otlp-proto-common"
version = "1.42.1"
source = { registry = "https://pypi.org/simple" }
dependencies = [
    { name = "opentelemetry-proto" },
]
sdist = { url = "https://files.pythonhosted.org/packages/0e/9c/216acfeaedadf2e1937f4373929b20f73197c5c4a2546d4f584b7fa63813/opentelemetry_exporter_otlp_proto_common-1.42.1.tar.gz", hash = "sha256:04f1f01fb597c4249dfcd7f8b861c902c2102369d376d9d346ff38de4469a2ee", size = 21433, upload-time = "2026-05-21T16:32:55.526Z" }
wheels = [
    { url = "https://files.pythonhosted.org/packages/d6/43/2375e7612e1121a4518c17603b6e0b03ad94f565aafad53f464dc5be2bf6/opentelemetry_exporter_otlp_proto_common-1.42.1-py3-none-any.whl", hash = "sha256:f48d395ab815b444da118868977e9798ea354c25737d5cf39578ae894011c140", size = 17327, upload-time = "2026-05-21T16:32:33.387Z" },
]

[[package]]
name = "opentelemetry-exporter-otlp-proto-grpc"
version = "1.42.1"
source = { registry = "https://pypi.org/simple" }
dependencies = [
    { name = "googleapis-common-protos" },
    { name = "grpcio" },
    { name = "opentelemetry-api" },
    { name = "opentelemetry-exporter-otlp-proto-common" },
    { name = "opentelemetry-proto" },
    { name = "opentelemetry-sdk" },
    { name = "typing-extensions" },
]
sdist = { url = "https://files.pythonhosted.org/packages/87/87/ca7fc790dfdbcf4f9e9aab14a39ef1b7508ead13707e283de0b3131478d2/opentelemetry_exporter_otlp_proto_grpc-1.42.1.tar.gz", hash = "sha256:975c4461f167dd8ed8857d68d3b6b25f3d272eab896f6a9470d0f5b90e2faf15", size = 27140, upload-time = "2026-05-21T16:32:56.162Z" }
wheels = [
    { url = "https://files.pythonhosted.org/packages/89/2b/28ba5b128f47fe8c3bab541000d6feb4b5a9bd26623ca013406f01c0fb60/opentelemetry_exporter_otlp_proto_grpc-1.42.1-py3-none-any.whl", hash = "sha256:0ae1177e2038b18a929b3098215243631ef91136cba26b7e2b12790ceb7e87cc", size = 19617, upload-time = "2026-05-21T16:32:34.278Z" },
]

[[package]]
name = "opentelemetry-instrumentation"
version = "0.63b1"
source = { registry = "https://pypi.org/simple" }
dependencies = [
    { name = "opentelemetry-api" },
    { name = "opentelemetry-semantic-conventions" },
    { name = "packaging" },
    { name = "wrapt" },
]
sdist = { url = "https://files.pythonhosted.org/packages/da/6d/4de72d97ff54db1ed270c7a59c9b904b917c0ac7af429c086c388b824ddb/opentelemetry_instrumentation-0.63b1.tar.gz", hash = "sha256:32368d6ae52c8de20aa790a6ad86b10a76f09956092337ae37d675773990e541", size = 41081, upload-time = "2026-05-21T16:36:14.206Z" }
wheels = [
    { url = "https://files.pythonhosted.org/packages/35/a1/9314e621c143e4d82a5bf7a43c2ff7a745d31023506336857607c8c543cc/opentelemetry_instrumentation-0.63b1-py3-none-any.whl", hash = "sha256:f1986716d52cc316ea5f60189098726a9071d8ecc0eee96c9ed110be08bade9c", size = 35577, upload-time = "2026-05-21T16:34:56.818Z" },
]

[[package]]
name = "opentelemetry-instrumentation-dbapi"
version = "0.63b1"
source = { registry = "https://pypi.org/simple" }
dependencies = [
    { name = "opentelemetry-api" },
    { name = "opentelemetry-instrumentation" },
    { name = "opentelemetry-semantic-conventions" },
    { name = "wrapt" },
]
sdist = { url = "https://files.pythonhosted.org/packages/47/bf/2bb8048a3ba5686bb70e5d3d7dd2aa2b3d838ccd324e88557780f86b7635/opentelemetry_instrumentation_dbapi-0.63b1.tar.gz", hash = "sha256:406978ed56bcfc5fd246fd918e6b36d0f5de26fa396c78cf63326a7b530597c8", size = 19323, upload-time = "2026-05-21T16:36:27.036Z" }
wheels = [
    { url = "https://files.pythonhosted.org/packages/d8/71/c7476e07d8bef5dfe5c301d1650f3ce15c4e3b7f4ffd4bbf6a0e3ebf3836/opentelemetry_instrumentation_dbapi-0.63b1-py3-none-any.whl", hash = "sha256:1bc842ddcacb7ec3622ef306ffdb3c584bf97df79d381e03604ea6eb23c63781", size = 14401, upload-time = "2026-05-21T16:35:23.941Z" },
]

[[package]]
name = "opentelemetry-instrumentation-logging"
version = "0.63b1"
source = { registry = "https://pypi.org/simple" }
dependencies = [
    { name = "opentelemetry-api" },
    { name = "opentelemetry-instrumentation" },
    { name = "opentelemetry-semantic-conventions" },
]
sdist = { url = "https://files.pythonhosted.org/packages/d1/cf/119381b1ae446fb07921a452e3a8e1887aa87f9856225f9829958dc20063/opentelemetry_instrumentation_logging-0.63b1.tar.gz", hash = "sha256:aa57d1bcb8931186b5dde565e9c17c572cf02412572d962da5b1a17ee5637d2c", size = 19823, upload-time = "2026-05-21T16:36:37.276Z" }
wheels = [
    { url = "https://files.pythonhosted.org/packages/b6/71/1ba447311adf33023be14a1a309852c4cf74219f095d0055a54c1824d9ff/opentelemetry_instrumentation_logging-0.63b1-py3-none-any.whl", hash = "sha256:6b3aac8d18bc897468814d5ce4ed00f9d43588c583b4ba2288267e191b96d944", size = 15993, upload-time = "2026-05-21T16:35:35.851Z" },
]

[[package]]
name = "opentelemetry-instrumentation-pika"
version = "0.63b1"
source = { registry = "https://pypi.org/simple" }
dependencies = [
    { name = "opentelemetry-api" },
    { name = "opentelemetry-instrumentation" },
    { name = "opentelemetry-semantic-conventions" },
    { name = "packaging" },
    { name = "wrapt" },
]
sdist = { url = "https://files.pythonhosted.org/packages/be/eb/088c98cf73ba357f052cdf17dc5846f940fcd50c7dbe5d9958dfea364aeb/opentelemetry_instrumentation_pika-0.63b1.tar.gz", hash = "sha256:c74e23b2370283890d8094bc07686731ba6a7a4bb89a26dc3d6c86ae988fd8d0", size = 13247, upload-time = "2026-05-21T16:36:39.273Z" }
wheels = [
    { url = "https://files.pythonhosted.org/packages/28/b3/57b63669cb47ec38575194e79dc3b3fc753646fd11e6cc925709aa9f81a9/opentelemetry_instrumentation_pika-0.63b1-py3-none-any.whl", hash = "sha256:14ab56ed06c0c8c922af72cf214eae6513da83be7b6987a17e4f10fa0820d7c2", size = 12681, upload-time = "2026-05-21T16:35:39.726Z" },
]

[[package]]
name = "opentelemetry-instrumentation-psycopg2"
version = "0.63b1"
source = { registry = "https://pypi.org/simple" }
dependencies = [
    { name = "opentelemetry-api" },
    { name = "opentelemetry-instrumentation" },
    { name = "opentelemetry-instrumentation-dbapi" },
]
sdist = { url = "https://files.pythonhosted.org/packages/0d/26/0a771790d0a8241514cbf34c1aa478a03dd9bb6340b02b561fb9ceb80414/opentelemetry_instrumentation_psycopg2-0.63b1.tar.gz", hash = "sha256:060163f959415580baf87e73fe76c21380bdcb56af947fe5d7c8eeacfc30eb79", size = 12065, upload-time = "2026-05-21T16:36:40.634Z" }
wheels = [
    { url = "https://files.pythonhosted.org/packages/40/51/acf4a31805240cf89272441c8a4f18a0d465f44a9a683eaa6c11a2997415/opentelemetry_instrumentation_psycopg2-0.63b1-py3-none-any.whl", hash = "sha256:2ddc692a593104dcfe408633ce56c1cfd7d519885de0864122e20c7743f09bbb", size = 10788, upload-time = "2026-05-21T16:35:41.784Z" },
]

[[package]]
name = "opentelemetry-proto"
version = "1.42.1"
source = { registry = "https://pypi.org/simple" }
dependencies = [
    { name = "protobuf" },
]
sdist = { url = "https://files.pythonhosted.org/packages/b4/55/63eac3e1089b768ba014091fdd2ae8a9a440c821ef5e2b786909c94c8836/opentelemetry_proto-1.42.1.tar.gz", hash = "sha256:c6a51e6b4f05ae63565f3a113217f3d2bfaec68f78c02d7a6c85f9010d1cfca6", size = 45839, upload-time = "2026-05-21T16:33:03.937Z" }
wheels = [
    { url = "https://files.pythonhosted.org/packages/41/9d/171c02c84a76940b7e601805b3bb536985aded9168fbcc9ba52f0a730fa2/opentelemetry_proto-1.42.1-py3-none-any.whl", hash = "sha256:dedb74cba2886c59c7789b227a7a670613025a07489040050aedff6e5c0fb43c", size = 71782, upload-time = "2026-05-21T16:32:44.867Z" },
]

[[package]]
name = "opentelemetry-sdk"
version = "1.42.1"
source = { registry = "https://pypi.org/simple" }
dependencies = [
    { name = "opentelemetry-api" },
    { name = "opentelemetry-semantic-conventions" },
    { name = "typing-extensions" },
]
sdist = { url = "https://files.pythonhosted.org/packages/40/f7/b390bd9bfd703bf98a68fea1f27786c6872331fd617164a54b8a59bdc008/opentelemetry_sdk-1.42.1.tar.gz", hash = "sha256:8c834e8f8c9ba4171d4ec843d0cb8a67e4c7394d3f9e9297e582cbd9456ddbf7", size = 239262, upload-time = "2026-05-21T16:33:04.641Z" }
wheels = [
    { url = "https://files.pythonhosted.org/packages/8f/6b/4287766cfbde577ae2272e8884abac325aeaac0d64f41c61d5b8cc595105/opentelemetry_sdk-1.42.1-py3-none-any.whl", hash = "sha256:083cd4bbfaa5aa7b5a9e552430d9951219967cfb27aa61feb13a77aba1fc839d", size = 170907, upload-time = "2026-05-21T16:32:45.894Z" },
]

[[package]]
name = "opentelemetry-semantic-conventions"
version = "0.63b1"
source = { registry = "https://pypi.org/simple" }
dependencies = [
    { name = "opentelemetry-api" },
    { name = "typing-extensions" },
]
sdist = { url = "https://files.pythonhosted.org/packages/93/99/4d7dd6df64795951413ce6e815f8cf1eb191daf7196ae86574589643d5f3/opentelemetry_semantic_conventions-0.63b1.tar.gz", hash = "sha256:3daf963611334b365e98a57438183eb012d3bfb40b2d931a9af613476b8701a9", size = 148340, upload-time = "2026-05-21T16:33:05.455Z" }
wheels = [
    { url = "https://files.pythonhosted.org/packages/cb/7a/7fe66f5f3682b1dd47d88cc4e11f1c6c0966b737de2d16671146e23c39a5/opentelemetry_semantic_conventions-0.63b1-py3-none-any.whl", hash = "sha256:dfe5ef4dee82586b746f522b818ceb298d00b3d59f660042bd79404bff8d0682", size = 203713, upload-time = "2026-05-21T16:32:47.016Z" },
]

[[package]]
name = "packaging"
version = "26.2"
source = { registry = "https://pypi.org/simple" }
sdist = { url = "https://files.pythonhosted.org/packages/d7/f1/e7a6dd94a8d4a5626c03e4e99c87f241ba9e350cd9e6d75123f992427270/packaging-26.2.tar.gz", hash = "sha256:ff452ff5a3e828ce110190feff1178bb1f2ea2281fa2075aadb987c2fb221661", size = 228134, upload-time = "2026-04-24T20:15:23.917Z" }
wheels = [
    { url = "https://files.pythonhosted.org/packages/df/b2/87e62e8c3e2f4b32e5fe99e0b86d576da1312593b39f47d8ceef365e95ed/packaging-26.2-py3-none-any.whl", hash = "sha256:5fc45236b9446107ff2415ce77c807cee2862cb6fac22b8a73826d0693b0980e", size = 100195, upload-time = "2026-04-24T20:15:22.081Z" },
]

[[package]]
name = "pika"
version = "1.4.1"
source = { registry = "https://pypi.org/simple" }
sdist = { url = "https://files.pythonhosted.org/packages/f7/09/8c42dd00c4b3e09ebd174455d30823c261eefef9d2b7e94ae9ca779704c1/pika-1.4.1.tar.gz", hash = "sha256:e851f3e4992adfbf8eb64e9b86d94e3382f92ba0200055abedbb29676b8e713b", size = 154268, upload-time = "2026-05-22T18:01:24.855Z" }
wheels = [
    { url = "https://files.pythonhosted.org/packages/7f/7b/a09c0d378ee8604220902c58103104b2304ef99744c4b7fc45312d280484/pika-1.4.1-py3-none-any.whl", hash = "sha256:2daae7bd422a0fc4f4879fd48c9a1932ed74a0bc7172e1e5f9bde63a101ed074", size = 164962, upload-time = "2026-05-22T18:01:23.429Z" },
]

[[package]]
name = "protobuf"
version = "6.33.6"
source = { registry = "https://pypi.org/simple" }
sdist = { url = "https://files.pythonhosted.org/packages/66/70/e908e9c5e52ef7c3a6c7902c9dfbb34c7e29c25d2f81ade3856445fd5c94/protobuf-6.33.6.tar.gz", hash = "sha256:a6768d25248312c297558af96a9f9c929e8c4cee0659cb07e780731095f38135", size = 444531, upload-time = "2026-03-18T19:05:00.988Z" }
wheels = [
    { url = "https://files.pythonhosted.org/packages/fc/9f/2f509339e89cfa6f6a4c4ff50438db9ca488dec341f7e454adad60150b00/protobuf-6.33.6-cp310-abi3-win32.whl", hash = "sha256:7d29d9b65f8afef196f8334e80d6bc1d5d4adedb449971fefd3723824e6e77d3", size = 425739, upload-time = "2026-03-18T19:04:48.373Z" },
    { url = "https://files.pythonhosted.org/packages/76/5d/683efcd4798e0030c1bab27374fd13a89f7c2515fb1f3123efdfaa5eab57/protobuf-6.33.6-cp310-abi3-win_amd64.whl", hash = "sha256:0cd27b587afca21b7cfa59a74dcbd48a50f0a6400cfb59391340ad729d91d326", size = 437089, upload-time = "2026-03-18T19:04:50.381Z" },
    { url = "https://files.pythonhosted.org/packages/5c/01/a3c3ed5cd186f39e7880f8303cc51385a198a81469d53d0fdecf1f64d929/protobuf-6.33.6-cp39-abi3-macosx_10_9_universal2.whl", hash = "sha256:9720e6961b251bde64edfdab7d500725a2af5280f3f4c87e57c0208376aa8c3a", size = 427737, upload-time = "2026-03-18T19:04:51.866Z" },
    { url = "https://files.pythonhosted.org/packages/ee/90/b3c01fdec7d2f627b3a6884243ba328c1217ed2d978def5c12dc50d328a3/protobuf-6.33.6-cp39-abi3-manylinux2014_aarch64.whl", hash = "sha256:e2afbae9b8e1825e3529f88d514754e094278bb95eadc0e199751cdd9a2e82a2", size = 324610, upload-time = "2026-03-18T19:04:53.096Z" },
    { url = "https://files.pythonhosted.org/packages/9b/ca/25afc144934014700c52e05103c2421997482d561f3101ff352e1292fb81/protobuf-6.33.6-cp39-abi3-manylinux2014_s390x.whl", hash = "sha256:c96c37eec15086b79762ed265d59ab204dabc53056e3443e702d2681f4b39ce3", size = 339381, upload-time = "2026-03-18T19:04:54.616Z" },
    { url = "https://files.pythonhosted.org/packages/16/92/d1e32e3e0d894fe00b15ce28ad4944ab692713f2e7f0a99787405e43533a/protobuf-6.33.6-cp39-abi3-manylinux2014_x86_64.whl", hash = "sha256:e9db7e292e0ab79dd108d7f1a94fe31601ce1ee3f7b79e0692043423020b0593", size = 323436, upload-time = "2026-03-18T19:04:55.768Z" },
    { url = "https://files.pythonhosted.org/packages/c4/72/02445137af02769918a93807b2b7890047c32bfb9f90371cbc12688819eb/protobuf-6.33.6-py3-none-any.whl", hash = "sha256:77179e006c476e69bf8e8ce866640091ec42e1beb80b213c3900006ecfba6901", size = 170656, upload-time = "2026-03-18T19:04:59.826Z" },
]

[[package]]
name = "psycopg2-binary"
version = "2.9.12"
source = { registry = "https://pypi.org/simple" }
sdist = { url = "https://files.pythonhosted.org/packages/2a/60/a3624f79acea344c16fbef3a94d28b89a8042ddfb8f3e4ca83f538671409/psycopg2_binary-2.9.12.tar.gz", hash = "sha256:5ac9444edc768c02a6b6a591f070b8aae28ff3a99be57560ac996001580f294c", size = 379686, upload-time = "2026-04-21T09:40:34.304Z" }
wheels = [
    { url = "https://files.pythonhosted.org/packages/13/1b/708c0dca874acfad6d65314271859899a79007686f3a1f74e82a2ed4b645/psycopg2_binary-2.9.12-cp314-cp314-macosx_10_15_x86_64.whl", hash = "sha256:6f3b3de8a74ef8db215f22edffb19e32dc6fa41340456de7ec99efdc8a7b3ec2", size = 3712428, upload-time = "2026-04-20T23:35:23.453Z" },
    { url = "https://files.pythonhosted.org/packages/d6/39/ddbea9d4b4de6aca9431b6ed253f530f8a02d3b8f9bcfd0dbfe2b3de6fe4/psycopg2_binary-2.9.12-cp314-cp314-macosx_11_0_arm64.whl", hash = "sha256:1006fb62f0f0bc5ce256a832356c6262e91be43f5e4eb15b5eaf38079464caf2", size = 3823184, upload-time = "2026-04-20T23:35:25.92Z" },
    { url = "https://files.pythonhosted.org/packages/bf/a0/bc2fef74b106fa345567122a0659e6d94512ed7dc0131ec44c9e5aba3725/psycopg2_binary-2.9.12-cp314-cp314-manylinux2014_ppc64le.manylinux_2_17_ppc64le.whl", hash = "sha256:840066105706cd2eb29b9a1c2329620056582a4bf3e8169dec5c447042d0869f", size = 4579157, upload-time = "2026-04-20T23:35:28.542Z" },
    { url = "https://files.pythonhosted.org/packages/57/d7/d4e3b2005d3de607ca4fbb0e8742e248056e52184a6b94ebda3c1c2c329b/psycopg2_binary-2.9.12-cp314-cp314-manylinux2014_x86_64.manylinux_2_17_x86_64.whl", hash = "sha256:863f5d12241ebe1c76a72a04c2113b6dc905f90b9cef0e9be0efd994affd9354", size = 4274970, upload-time = "2026-04-20T23:35:30.418Z" },
    { url = "https://files.pythonhosted.org/packages/2e/42/c9853f8db3967fe08bcde11f53d53b85d351750cae726ce001cb68afa9c1/psycopg2_binary-2.9.12-cp314-cp314-manylinux_2_27_aarch64.manylinux_2_28_aarch64.whl", hash = "sha256:a99eaab34a9010f1a086b126de467466620a750634d114d20455f3a824aae033", size = 5895175, upload-time = "2026-04-20T23:35:33.584Z" },
    { url = "https://files.pythonhosted.org/packages/eb/fd/b82b5601a97630308bef079f545ffec481bbbc795c2ba5ec416a01d03f60/psycopg2_binary-2.9.12-cp314-cp314-manylinux_2_38_riscv64.manylinux_2_39_riscv64.whl", hash = "sha256:ffdd7dc5463ccd61845ac37b7012d0f35a1548df9febe14f8dd549be4a0bc81e", size = 4110658, upload-time = "2026-04-20T23:35:35.638Z" },
    { url = "https://files.pythonhosted.org/packages/62/8c/32ca69b0389ef25dd22937bf9e8fbe2ce27aea20b05ded48c4ce4cb42475/psycopg2_binary-2.9.12-cp314-cp314-musllinux_1_2_aarch64.whl", hash = "sha256:54a0dfecab1b48731f934e06139dfe11e24219fb6d0ceb32177cf0375f14c7b5", size = 3656251, upload-time = "2026-04-20T23:35:37.854Z" },
    { url = "https://files.pythonhosted.org/packages/c4/29/96992a2b59e3b9d730fcf9612d0a387305025dc867a9fc490a9e496e074e/psycopg2_binary-2.9.12-cp314-cp314-musllinux_1_2_ppc64le.whl", hash = "sha256:96937c9c5d891f772430f418a7a8b4691a90c3e6b93cf72b5bd7cad8cbca32a5", size = 3301810, upload-time = "2026-04-20T23:35:39.927Z" },
    { url = "https://files.pythonhosted.org/packages/56/ad/44b06659949b243ae10112cd3b20a197f9bf3e81d5651379b9eb889bfaad/psycopg2_binary-2.9.12-cp314-cp314-musllinux_1_2_riscv64.whl", hash = "sha256:77b348775efd4cdab410ec6609d81ccecd1139c90265fa583a7255c8064bc03d", size = 3048977, upload-time = "2026-04-20T23:35:41.806Z" },
    { url = "https://files.pythonhosted.org/packages/1d/f2/10a1bcebadb6aa55e280e1f58975c36a7b560ea525184c7aa4064c466633/psycopg2_binary-2.9.12-cp314-cp314-musllinux_1_2_x86_64.whl", hash = "sha256:527e6342b3e44c2f0544f6b8e927d60de7f163f5723b8f1dfa7d2a84298738cd", size = 3351466, upload-time = "2026-04-20T23:35:43.993Z" },
    { url = "https://files.pythonhosted.org/packages/20/be/b732c8418ffa5bcfda002890f5dc4c869fc17db66ff11f53b17cfe44afc0/psycopg2_binary-2.9.12-cp314-cp314-win_amd64.whl", hash = "sha256:f12ae41fcafadb39b2785e64a40f9db05d6de2ac114077457e0e7c597f3af980", size = 2848762, upload-time = "2026-04-20T23:35:46.421Z" },
]

[[package]]
name = "testbench-worker"
version = "0.1.0"
source = { virtual = "." }
dependencies = [
    { name = "opentelemetry-exporter-otlp-proto-grpc" },
    { name = "opentelemetry-instrumentation-logging" },
    { name = "opentelemetry-instrumentation-pika" },
    { name = "opentelemetry-instrumentation-psycopg2" },
    { name = "opentelemetry-sdk" },
    { name = "pika" },
    { name = "psycopg2-binary" },
]

[package.metadata]
requires-dist = [
    { name = "opentelemetry-exporter-otlp-proto-grpc", specifier = "==1.42.1" },
    { name = "opentelemetry-instrumentation-logging", specifier = "==0.63b1" },
    { name = "opentelemetry-instrumentation-pika", specifier = "==0.63b1" },
    { name = "opentelemetry-instrumentation-psycopg2", specifier = "==0.63b1" },
    { name = "opentelemetry-sdk", specifier = "==1.42.1" },
    { name = "pika", specifier = "==1.4.1" },
    { name = "psycopg2-binary", specifier = "==2.9.12" },
]

[[package]]
name = "typing-extensions"
version = "4.15.0"
source = { registry = "https://pypi.org/simple" }
sdist = { url = "https://files.pythonhosted.org/packages/72/94/1a15dd82efb362ac84269196e94cf00f187f7ed21c242792a923cdb1c61f/typing_extensions-4.15.0.tar.gz", hash = "sha256:0cea48d173cc12fa28ecabc3b837ea3cf6f38c6d1136f85cbaaf598984861466", size = 109391, upload-time = "2025-08-25T13:49:26.313Z" }
wheels = [
    { url = "https://files.pythonhosted.org/packages/18/67/36e9267722cc04a6b9f15c7f3441c2363321a3ea07da7ae0c0707beb2a9c/typing_extensions-4.15.0-py3-none-any.whl", hash = "sha256:f0fa19c6845758ab08074a0cfa8b7aecb71c999ca73d62883bc25cc018c4e548", size = 44614, upload-time = "2025-08-25T13:49:24.86Z" },
]

[[package]]
name = "wrapt"
version = "2.2.1"
source = { registry = "https://pypi.org/simple" }
sdist = { url = "https://files.pythonhosted.org/packages/2d/9f/06263fcd8ad6c405f05a3905fd7a84dd3176eb5ad46e44bccc0cd16348bb/wrapt-2.2.1.tar.gz", hash = "sha256:6744f504375775d7609c82c8d3d94af1c9a6f05586984536905908ba905277b9", size = 127620, upload-time = "2026-05-22T14:49:43.056Z" }
wheels = [
    { url = "https://files.pythonhosted.org/packages/0a/a3/11d7f34ebbf3231bc907a3e6d5ee051b14d034c1bc7b65a97d5cc00516df/wrapt-2.2.1-cp314-cp314-macosx_10_15_x86_64.whl", hash = "sha256:6f56a647e4eaf5f0ca40330fb070f566bdf9f7b0db89a1af20d71c28dcd7a0ab", size = 80879, upload-time = "2026-05-22T14:48:51.802Z" },
    { url = "https://files.pythonhosted.org/packages/13/3c/b74cfd984cef560b900fb1a727af20352d89e1f06bf2e1114dd3f00f5f5a/wrapt-2.2.1-cp314-cp314-macosx_11_0_arm64.whl", hash = "sha256:64b7deeda4b70408e382328d8bbe52a256fe9bc63ae3db86d804608367e5422c", size = 81462, upload-time = "2026-05-22T14:48:53.18Z" },
    { url = "https://files.pythonhosted.org/packages/15/a3/7c8f704b8dc07dfe0a5d01c2edbfd88317aa8e5e3fa7c743eb7a085ae767/wrapt-2.2.1-cp314-cp314-manylinux1_x86_64.manylinux_2_28_x86_64.manylinux_2_5_x86_64.whl", hash = "sha256:b9cf53ba90717db2e292401de290776c498d4bbfb0d4a559ca2895db8b9dcb5c", size = 167251, upload-time = "2026-05-22T14:48:54.562Z" },
    { url = "https://files.pythonhosted.org/packages/80/85/a34d1888d97247da6c2ff6118c3a721c73ed8cc4dd198c00208bb73b6f80/wrapt-2.2.1-cp314-cp314-manylinux2014_aarch64.manylinux_2_17_aarch64.manylinux_2_28_aarch64.whl", hash = "sha256:cf3638274ab9d9b724c9baa0b4c04e132cd6faefb78b4dd3dd1a02a4bdaad41e", size = 166316, upload-time = "2026-05-22T14:48:56.065Z" },
    { url = "https://files.pythonhosted.org/packages/e9/d7/72ffaeb01eebc704afe3fb99e840480f4bda45f0fa66e3381b6a39251c8f/wrapt-2.2.1-cp314-cp314-manylinux_2_31_riscv64.manylinux_2_39_riscv64.whl", hash = "sha256:aed9658797d0b45d6c49adcfc6b41f66e6f2d0c6de3ec79e16cf4b1855df240f", size = 157952, upload-time = "2026-05-22T14:48:57.924Z" },
    { url = "https://files.pythonhosted.org/packages/24/5b/36f5d6b024e4edfdd90b140742d11ebcf7836daf5c9daf326c55c24db412/wrapt-2.2.1-cp314-cp314-musllinux_1_2_aarch64.whl", hash = "sha256:1d676ee388bc42a04d56dd7deb5605244dac2e35cc2fadbb43c9fa25bbd93508", size = 166130, upload-time = "2026-05-22T14:48:59.384Z" },
    { url = "https://files.pythonhosted.org/packages/81/06/9296d9e97bfdef5483dfcc859d57b095b257144b2bc5300ab521e06f4bc7/wrapt-2.2.1-cp314-cp314-musllinux_1_2_riscv64.whl", hash = "sha256:e395f7bc31851ef9b612050368cb446e9bc14cd7454b025018980349caf25ae5", size = 156604, upload-time = "2026-05-22T14:49:00.921Z" },
    { url = "https://files.pythonhosted.org/packages/53/37/16953929ed6776175720e58fc966e779926d8d71e2c7b2273230590ca71f/wrapt-2.2.1-cp314-cp314-musllinux_1_2_x86_64.whl", hash = "sha256:5f1845c2a8cc1180ccccfa45785dd06f562730d19ef75be180334254012b6283", size = 166007, upload-time = "2026-05-22T14:49:02.332Z" },
    { url = "https://files.pythonhosted.org/packages/b9/73/20ee58c0612dae7c31131a7095345812ed2c7b389019e175f68cde34e5b4/wrapt-2.2.1-cp314-cp314-win32.whl", hash = "sha256:436addbc4bb4fc0a88c702577f51195d7d73683a7f3e0e5b253d8404d7847243", size = 78327, upload-time = "2026-05-22T14:49:03.722Z" },
    { url = "https://files.pythonhosted.org/packages/22/b3/ef7c3295d02e0448a71c639a36a057f46d524d057c9486291a7a3039e65c/wrapt-2.2.1-cp314-cp314-win_amd64.whl", hash = "sha256:50972a1d974ea07725a7f6b1cec5f8759008afd030a0024843ebe7d52de47f2b", size = 81144, upload-time = "2026-05-22T14:49:05.093Z" },
    { url = "https://files.pythonhosted.org/packages/ac/dc/7bdf336953f99f4ceb0a584bb8870e42c8f26f93ea10c87834dad62f1668/wrapt-2.2.1-cp314-cp314-win_arm64.whl", hash = "sha256:1c9934ea5d92957e3cd0adbc0845539dccfd62710ebe16195a8c66c53954db36", size = 79569, upload-time = "2026-05-22T14:49:06.413Z" },
    { url = "https://files.pythonhosted.org/packages/6a/6d/6dfae80150ff1919c356d1dd528f049bcdfaae29b4d284bc957e022caef4/wrapt-2.2.1-cp314-cp314t-macosx_10_15_x86_64.whl", hash = "sha256:17de18fc12cea55b8a9587314cb830573e37fb33b247a7515696350863714188", size = 82892, upload-time = "2026-05-22T14:49:07.925Z" },
    { url = "https://files.pythonhosted.org/packages/82/7b/4e34766a7d7804ffce9e71befe47e9b3225dc350c49c94493c4ab39fd3a5/wrapt-2.2.1-cp314-cp314t-macosx_11_0_arm64.whl", hash = "sha256:a9dec1aca52dddde7df94818310fa2fe79739c8f385b2014c4cb1035f5508199", size = 83333, upload-time = "2026-05-22T14:49:09.257Z" },
    { url = "https://files.pythonhosted.org/packages/9d/57/0b34db3e8de44ccfece62d7b337abd1631dd810f5adc5f3db571727836b5/wrapt-2.2.1-cp314-cp314t-manylinux1_x86_64.manylinux_2_28_x86_64.manylinux_2_5_x86_64.whl", hash = "sha256:69f2e9244542cb34dd59c7f073445b9e54ad9f3fce8d93606c368a1b499fc413", size = 202899, upload-time = "2026-05-22T14:49:10.572Z" },
    { url = "https://files.pythonhosted.org/packages/e5/45/ac0c459f154b99d92789a6cba7ca727185b83513b986f8ec7fe2aacddcbf/wrapt-2.2.1-cp314-cp314t-manylinux2014_aarch64.manylinux_2_17_aarch64.manylinux_2_28_aarch64.whl", hash = "sha256:2d83966dc7f4f45e8b97b5933685ac2e6e67fc0e19246ea314bceb9a8970c956", size = 209986, upload-time = "2026-05-22T14:49:12.229Z" },
    { url = "https://files.pythonhosted.org/packages/b7/e4/77e37ff33ad018fa81ade52c25fa327b80b56f81d734279a63614fcb4cbc/wrapt-2.2.1-cp314-cp314t-manylinux_2_31_riscv64.manylinux_2_39_riscv64.whl", hash = "sha256:78b0aa6bfb7be8deed0ab23e7aa028cc5210c29bc2d32a04d52b50e517a7307e", size = 194893, upload-time = "2026-05-22T14:49:14.139Z" },
    { url = "https://files.pythonhosted.org/packages/dd/9d/7ea651d1ab032fc5fa222fbec91d0f8a1397f6ae04ebb93fa7219aa921d7/wrapt-2.2.1-cp314-cp314t-musllinux_1_2_aarch64.whl", hash = "sha256:05d5cb74d1b232ec8cfa130a8f900708699ff2491d97b8f85a4cdc5996294b85", size = 205636, upload-time = "2026-05-22T14:49:15.714Z" },
    { url = "https://files.pythonhosted.org/packages/09/af/8e88031a701275b9085c54e64bc88c0b1cd55c77eadd400691c371cd76c4/wrapt-2.2.1-cp314-cp314t-musllinux_1_2_riscv64.whl", hash = "sha256:f6518b94edb9150452e9aba08027d4cc293433753ec1fbefb4629a21cbc74181", size = 192267, upload-time = "2026-05-22T14:49:17.283Z" },
    { url = "https://files.pythonhosted.org/packages/bf/a8/e657ca876b06710194f243d81c4b0896ade646e244bdbec2d87c8c56a8bd/wrapt-2.2.1-cp314-cp314t-musllinux_1_2_x86_64.whl", hash = "sha256:ed55af48b3eb28f43228ca2306788892bcb629eb2b5c4876e2a3659872c2f17a", size = 198378, upload-time = "2026-05-22T14:49:18.785Z" },
    { url = "https://files.pythonhosted.org/packages/c8/59/822efe4ea722a3961331bfa35b7d90937790d2c20f0616de1997ccc3aebd/wrapt-2.2.1-cp314-cp314t-win32.whl", hash = "sha256:2e08688ab16525897da6589d56d0aebaf417bbe91c2d8e3b96203b1efa596e85", size = 80226, upload-time = "2026-05-22T14:49:20.264Z" },
    { url = "https://files.pythonhosted.org/packages/ab/31/2a7dc5f6abb2fca0b6e1610e120419f603650aceb4f1d3ac4cae0354e162/wrapt-2.2.1-cp314-cp314t-win_amd64.whl", hash = "sha256:fd0135d34387f5fd087d9be368ea77ea89cf2451dc1cd1c622d35021bcb3ab50", size = 83835, upload-time = "2026-05-22T14:49:21.634Z" },
    { url = "https://files.pythonhosted.org/packages/9f/c0/782b86e28d1ceebeb74cccea12d2cd3d2ba0bd68e3dec20b1bc5873f6127/wrapt-2.2.1-cp314-cp314t-win_arm64.whl", hash = "sha256:f70db64e8266d7c45d3b735f2e08eeb434b5e03da9a479ae42b2e2e486a21a00", size = 80722, upload-time = "2026-05-22T14:49:23.59Z" },
    { url = "https://files.pythonhosted.org/packages/53/46/29ac9daf11a86c22a8c38cd9236c62928ccae83f7ceb06bd3b0467cf9d05/wrapt-2.2.1-py3-none-any.whl", hash = "sha256:3aafea2975caef8ca49400640dde02cc7426e798f24870ed01f490bc3cffd32f", size = 61000, upload-time = "2026-05-22T14:49:41.593Z" },
]
